
Microsoft Visual Studio Solution File, Format Version 12.00
# Visual Studio Version 17
VisualStudioVersion = 17.13.35919.96 d17.13
MinimumVisualStudioVersion = 10.0.40219.1
Project("{FAE04EC0-301F-11D3-BF4B-00C04F79EFBC}") = "MTtool", "MTtool\MTtool.csproj", "{CD7122E1-96CB-451C-9C42-5449D133FC3F}"
EndProject
Global
	GlobalSection(SolutionConfigurationPlatforms) = preSolution
		Debug|Any CPU = Debug|Any CPU
		Release|Any CPU = Release|Any CPU
	EndGlobalSection
	GlobalSection(ProjectConfigurationPlatforms) = postSolution
		{CD7122E1-96CB-451C-9C42-5449D133FC3F}.Debug|Any CPU.ActiveCfg = Debug|Any CPU
		{CD7122E1-96CB-451C-9C42-5449D133FC3F}.Debug|Any CPU.Build.0 = Debug|Any CPU
		{CD7122E1-96CB-451C-9C42-5449D133FC3F}.Release|Any CPU.ActiveCfg = Release|Any CPU
		{CD7122E1-96CB-451C-9C42-5449D133FC3F}.Release|Any CPU.Build.0 = Release|Any CPU
	EndGlobalSection
	GlobalSection(SolutionProperties) = preSolution
		HideSolutionNode = FALSE
	EndGlobalSection
	GlobalSection(ExtensibilityGlobals) = postSolution
		SolutionGuid = {EAE9146F-80CE-44CE-AFFD-FDB2B87C3E57}
	EndGlobalSection
EndGlobal
